// !$*UTF8*$!
{
	archiveVersion = 1;
	classes = {
	};
	objectVersion = 56;
	objects = {

/* Begin PBXBuildFile section */
		CCACB6292BA33BCC009739A9 /* tour_generator.cpp in Sources */ = {isa = PBXBuildFile; fileRef = CCACB6272BA33BCC009739A9 /* tour_generator.cpp */; };
		CCF5DCD62B9CEA26004F0A4A /* hashmap.h in Sources */ = {isa = PBXBuildFile; fileRef = CCF5DCD52B9CEA26004F0A4A /* hashmap.h */; };
		CCF5DCE32B9ECFDD004F0A4A /* geodb.cpp in Sources */ = {isa = PBXBuildFile; fileRef = CCF5DCE12B9ECFDD004F0A4A /* geodb.cpp */; };
		CCF5DCF92B9F8BB4004F0A4A /* main.cpp in Sources */ = {isa = PBXBuildFile; fileRef = CCF5DCF82B9F8BB4004F0A4A /* main.cpp */; };
		CCF5DCFC2BA25B05004F0A4A /* router.cpp in Sources */ = {isa = PBXBuildFile; fileRef = CCF5DCFA2BA25B05004F0A4A /* router.cpp */; };
/* End PBXBuildFile section */

/* Begin PBXCopyFilesBuildPhase section */
		CCF5DCD02B9CEA26004F0A4A /* CopyFiles */ = {
			isa = PBXCopyFilesBuildPhase;
			buildActionMask = 2147483647;
			dstPath = /usr/share/man/man1/;
			dstSubfolderSpec = 0;
			files = (
			);
			runOnlyForDeploymentPostprocessing = 1;
		};
/* End PBXCopyFilesBuildPhase section */

/* Begin PBXFileReference section */
		CC3B85352BA39A2800EC224E /* stops.txt */ = {isa = PBXFileReference; fileEncoding = 4; lastKnownFileType = text; path = stops.txt; sourceTree = "<group>"; };
		CCACB6272BA33BCC009739A9 /* tour_generator.cpp */ = {isa = PBXFileReference; lastKnownFileType = sourcecode.cpp.cpp; path = tour_generator.cpp; sourceTree = "<group>"; };
		CCACB6282BA33BCC009739A9 /* tour_generator.h */ = {isa = PBXFileReference; lastKnownFileType = sourcecode.c.h; path = tour_generator.h; sourceTree = "<group>"; };
		CCF5DCD22B9CEA26004F0A4A /* proj4 */ = {isa = PBXFileReference; explicitFileType = "compiled.mach-o.executable"; includeInIndex = 0; path = proj4; sourceTree = BUILT_PRODUCTS_DIR; };
		CCF5DCD52B9CEA26004F0A4A /* hashmap.h */ = {isa = PBXFileReference; lastKnownFileType = sourcecode.c.h; path = hashmap.h; sourceTree = "<group>"; };
		CCF5DCE12B9ECFDD004F0A4A /* geodb.cpp */ = {isa = PBXFileReference; lastKnownFileType = sourcecode.cpp.cpp; path = geodb.cpp; sourceTree = "<group>"; };
		CCF5DCE22B9ECFDD004F0A4A /* geodb.h */ = {isa = PBXFileReference; lastKnownFileType = sourcecode.c.h; path = geodb.h; sourceTree = "<group>"; };
		CCF5DCEB2B9F882E004F0A4A /* mapdata.txt */ = {isa = PBXFileReference; fileEncoding = 4; lastKnownFileType = text; path = mapdata.txt; sourceTree = "<group>"; };
		CCF5DCF32B9F8BB4004F0A4A /* tourcmd.h */ = {isa = PBXFileReference; fileEncoding = 4; lastKnownFileType = sourcecode.c.h; name = tourcmd.h; path = ../../../../Downloads/provided/tourcmd.h; sourceTree = "<group>"; };
		CCF5DCF42B9F8BB4004F0A4A /* stops.h */ = {isa = PBXFileReference; fileEncoding = 4; lastKnownFileType = sourcecode.c.h; name = stops.h; path = ../../../../Downloads/provided/stops.h; sourceTree = "<group>"; };
		CCF5DCF52B9F8BB4004F0A4A /* geopoint.h */ = {isa = PBXFileReference; fileEncoding = 4; lastKnownFileType = sourcecode.c.h; name = geopoint.h; path = ../../../../Downloads/provided/geopoint.h; sourceTree = "<group>"; };
		CCF5DCF62B9F8BB4004F0A4A /* geotools.h */ = {isa = PBXFileReference; fileEncoding = 4; lastKnownFileType = sourcecode.c.h; name = geotools.h; path = ../../../../Downloads/provided/geotools.h; sourceTree = "<group>"; };
		CCF5DCF72B9F8BB4004F0A4A /* base_classes.h */ = {isa = PBXFileReference; fileEncoding = 4; lastKnownFileType = sourcecode.c.h; name = base_classes.h; path = ../../../../Downloads/provided/base_classes.h; sourceTree = "<group>"; };
		CCF5DCF82B9F8BB4004F0A4A /* main.cpp */ = {isa = PBXFileReference; fileEncoding = 4; lastKnownFileType = sourcecode.cpp.cpp; name = main.cpp; path = ../../../../Downloads/provided/main.cpp; sourceTree = "<group>"; };
		CCF5DCFA2BA25B05004F0A4A /* router.cpp */ = {isa = PBXFileReference; lastKnownFileType = sourcecode.cpp.cpp; path = router.cpp; sourceTree = "<group>"; };
		CCF5DCFB2BA25B05004F0A4A /* router.h */ = {isa = PBXFileReference; lastKnownFileType = sourcecode.c.h; path = router.h; sourceTree = "<group>"; };
/* End PBXFileReference section */

/* Begin PBXFrameworksBuildPhase section */
		CCF5DCCF2B9CEA26004F0A4A /* Frameworks */ = {
			isa = PBXFrameworksBuildPhase;
			buildActionMask = 2147483647;
			files = (
			);
			runOnlyForDeploymentPostprocessing = 0;
		};
/* End PBXFrameworksBuildPhase section */

/* Begin PBXGroup section */
		CCF5DCC92B9CEA26004F0A4A = {
			isa = PBXGroup;
			children = (
				CCF5DCD42B9CEA26004F0A4A /* proj4 */,
				CCF5DCD32B9CEA26004F0A4A /* Products */,
			);
			sourceTree = "<group>";
		};
		CCF5DCD32B9CEA26004F0A4A /* Products */ = {
			isa = PBXGroup;
			children = (
				CCF5DCD22B9CEA26004F0A4A /* proj4 */,
			);
			name = Products;
			sourceTree = "<group>";
		};
		CCF5DCD42B9CEA26004F0A4A /* proj4 */ = {
			isa = PBXGroup;
			children = (
				CCF5DCD52B9CEA26004F0A4A /* hashmap.h */,
				CCF5DCE12B9ECFDD004F0A4A /* geodb.cpp */,
				CCF5DCE22B9ECFDD004F0A4A /* geodb.h */,
				CC3B85352BA39A2800EC224E /* stops.txt */,
				CCF5DCFA2BA25B05004F0A4A /* router.cpp */,
				CCF5DCFB2BA25B05004F0A4A /* router.h */,
				CCACB6272BA33BCC009739A9 /* tour_generator.cpp */,
				CCACB6282BA33BCC009739A9 /* tour_generator.h */,
				CCF5DCEB2B9F882E004F0A4A /* mapdata.txt */,
				CCF5DCF72B9F8BB4004F0A4A /* base_classes.h */,
				CCF5DCF52B9F8BB4004F0A4A /* geopoint.h */,
				CCF5DCF62B9F8BB4004F0A4A /* geotools.h */,
				CCF5DCF82B9F8BB4004F0A4A /* main.cpp */,
				CCF5DCF42B9F8BB4004F0A4A /* stops.h */,
				CCF5DCF32B9F8BB4004F0A4A /* tourcmd.h */,
			);
			path = proj4;
			sourceTree = "<group>";
		};
/* End PBXGroup section */

/* Begin PBXNativeTarget section */
		CCF5DCD12B9CEA26004F0A4A /* proj4 */ = {
			isa = PBXNativeTarget;
			buildConfigurationList = CCF5DCD92B9CEA26004F0A4A /* Build configuration list for PBXNativeTarget "proj4" */;
			buildPhases = (
				CCF5DCCE2B9CEA26004F0A4A /* Sources */,
				CCF5DCCF2B9CEA26004F0A4A /* Frameworks */,
				CCF5DCD02B9CEA26004F0A4A /* CopyFiles */,
			);
			buildRules = (
			);
			dependencies = (
			);
			name = proj4;
			productName = proj4;
			productReference = CCF5DCD22B9CEA26004F0A4A /* proj4 */;
			productType = "com.apple.product-type.tool";
		};
/* End PBXNativeTarget section */

/* Begin PBXProject section */
		CCF5DCCA2B9CEA26004F0A4A /* Project object */ = {
			isa = PBXProject;
			attributes = {
				BuildIndependentTargetsInParallel = 1;
				LastUpgradeCheck = 1530;
				TargetAttributes = {
					CCF5DCD12B9CEA26004F0A4A = {
						CreatedOnToolsVersion = 15.3;
					};
				};
			};
			buildConfigurationList = CCF5DCCD2B9CEA26004F0A4A /* Build configuration list for PBXProject "proj4" */;
			compatibilityVersion = "Xcode 14.0";
			developmentRegion = en;
			hasScannedForEncodings = 0;
			knownRegions = (
				en,
				Base,
			);
			mainGroup = CCF5DCC92B9CEA26004F0A4A;
			productRefGroup = CCF5DCD32B9CEA26004F0A4A /* Products */;
			projectDirPath = "";
			projectRoot = "";
			targets = (
				CCF5DCD12B9CEA26004F0A4A /* proj4 */,
			);
		};
/* End PBXProject section */

/* Begin PBXSourcesBuildPhase section */
		CCF5DCCE2B9CEA26004F0A4A /* Sources */ = {
			isa = PBXSourcesBuildPhase;
			buildActionMask = 2147483647;
			files = (
				CCF5DCD62B9CEA26004F0A4A /* hashmap.h in Sources */,
				CCF5DCE32B9ECFDD004F0A4A /* geodb.cpp in Sources */,
				CCF5DCF92B9F8BB4004F0A4A /* main.cpp in Sources */,
				CCF5DCFC2BA25B05004F0A4A /* router.cpp in Sources */,
				CCACB6292BA33BCC009739A9 /* tour_generator.cpp in Sources */,
			);
			runOnlyForDeploymentPostprocessing = 0;
		};
/* End PBXSourcesBuildPhase section */

/* Begin XCBuildConfiguration section */
		CCF5DCD72B9CEA26004F0A4A /* Debug */ = {
			isa = XCBuildConfiguration;
			buildSettings = {
				ALWAYS_SEARCH_USER_PATHS = NO;
				ASSETCATALOG_COMPILER_GENERATE_SWIFT_ASSET_SYMBOL_EXTENSIONS = YES;
				CLANG_ANALYZER_NONNULL = YES;
				CLANG_ANALYZER_NUMBER_OBJECT_CONVERSION = YES_AGGRESSIVE;
				CLANG_CXX_LANGUAGE_STANDARD = "gnu++20";
				CLANG_ENABLE_MODULES = YES;
				CLANG_ENABLE_OBJC_ARC = YES;
				CLANG_ENABLE_OBJC_WEAK = YES;
				CLANG_WARN_BLOCK_CAPTURE_AUTORELEASING = YES;
				CLANG_WARN_BOOL_CONVERSION = YES;
				CLANG_WARN_COMMA = YES;
				CLANG_WARN_CONSTANT_CONVERSION = YES;
				CLANG_WARN_DEPRECATED_OBJC_IMPLEMENTATIONS = YES;
				CLANG_WARN_DIRECT_OBJC_ISA_USAGE = YES_ERROR;
				CLANG_WARN_DOCUMENTATION_COMMENTS = YES;
				CLANG_WARN_EMPTY_BODY = YES;
				CLANG_WARN_ENUM_CONVERSION = YES;
				CLANG_WARN_INFINITE_RECURSION = YES;
				CLANG_WARN_INT_CONVERSION = YES;
				CLANG_WARN_NON_LITERAL_NULL_CONVERSION = YES;
				CLANG_WARN_OBJC_IMPLICIT_RETAIN_SELF = YES;
				CLANG_WARN_OBJC_LITERAL_CONVERSION = YES;
				CLANG_WARN_OBJC_ROOT_CLASS = YES_ERROR;
				CLANG_WARN_QUOTED_INCLUDE_IN_FRAMEWORK_HEADER = YES;
				CLANG_WARN_RANGE_LOOP_ANALYSIS = YES;
				CLANG_WARN_STRICT_PROTOTYPES = YES;
				CLANG_WARN_SUSPICIOUS_MOVE = YES;
				CLANG_WARN_UNGUARDED_AVAILABILITY = YES_AGGRESSIVE;
				CLANG_WARN_UNREACHABLE_CODE = YES;
				CLANG_WARN__DUPLICATE_METHOD_MATCH = YES;
				COPY_PHASE_STRIP = NO;
				DEBUG_INFORMATION_FORMAT = dwarf;
				ENABLE_STRICT_OBJC_MSGSEND = YES;
				ENABLE_TESTABILITY = YES;
				ENABLE_USER_SCRIPT_SANDBOXING = YES;
				GCC_C_LANGUAGE_STANDARD = gnu17;
				GCC_DYNAMIC_NO_PIC = NO;
				GCC_NO_COMMON_BLOCKS = YES;
				GCC_OPTIMIZATION_LEVEL = 0;
				GCC_PREPROCESSOR_DEFINITIONS = (
					"DEBUG=1",
					"$(inherited)",
				);
				GCC_WARN_64_TO_32_BIT_CONVERSION = YES;
				GCC_WARN_ABOUT_RETURN_TYPE = YES_ERROR;
				GCC_WARN_UNDECLARED_SELECTOR = YES;
				GCC_WARN_UNINITIALIZED_AUTOS = YES_AGGRESSIVE;
				GCC_WARN_UNUSED_FUNCTION = YES;
				GCC_WARN_UNUSED_VARIABLE = YES;
				LOCALIZATION_PREFERS_STRING_CATALOGS = YES;
				MACOSX_DEPLOYMENT_TARGET = 14.0;
				MTL_ENABLE_DEBUG_INFO = INCLUDE_SOURCE;
				MTL_FAST_MATH = YES;
				ONLY_ACTIVE_ARCH = YES;
				SDKROOT = macosx;
			};
			name = Debug;
		};
		CCF5DCD82B9CEA26004F0A4A /* Release */ = {
			isa = XCBuildConfiguration;
			buildSettings = {
				ALWAYS_SEARCH_USER_PATHS = NO;
				ASSETCATALOG_COMPILER_GENERATE_SWIFT_ASSET_SYMBOL_EXTENSIONS = YES;
				CLANG_ANALYZER_NONNULL = YES;
				CLANG_ANALYZER_NUMBER_OBJECT_CONVERSION = YES_AGGRESSIVE;
				CLANG_CXX_LANGUAGE_STANDARD = "gnu++20";
				CLANG_ENABLE_MODULES = YES;
				CLANG_ENABLE_OBJC_ARC = YES;
				CLANG_ENABLE_OBJC_WEAK = YES;
				CLANG_WARN_BLOCK_CAPTURE_AUTORELEASING = YES;
				CLANG_WARN_BOOL_CONVERSION = YES;
				CLANG_WARN_COMMA = YES;
				CLANG_WARN_CONSTANT_CONVERSION = YES;
				CLANG_WARN_DEPRECATED_OBJC_IMPLEMENTATIONS = YES;
				CLANG_WARN_DIRECT_OBJC_ISA_USAGE = YES_ERROR;
				CLANG_WARN_DOCUMENTATION_COMMENTS = YES;
				CLANG_WARN_EMPTY_BODY = YES;
				CLANG_WARN_ENUM_CONVERSION = YES;
				CLANG_WARN_INFINITE_RECURSION = YES;
				CLANG_WARN_INT_CONVERSION = YES;
				CLANG_WARN_NON_LITERAL_NULL_CONVERSION = YES;
				CLANG_WARN_OBJC_IMPLICIT_RETAIN_SELF = YES;
				CLANG_WARN_OBJC_LITERAL_CONVERSION = YES;
				CLANG_WARN_OBJC_ROOT_CLASS = YES_ERROR;
				CLANG_WARN_QUOTED_INCLUDE_IN_FRAMEWORK_HEADER = YES;
				CLANG_WARN_RANGE_LOOP_ANALYSIS = YES;
				CLANG_WARN_STRICT_PROTOTYPES = YES;
				CLANG_WARN_SUSPICIOUS_MOVE = YES;
				CLANG_WARN_UNGUARDED_AVAILABILITY = YES_AGGRESSIVE;
				CLANG_WARN_UNREACHABLE_CODE = YES;
				CLANG_WARN__DUPLICATE_METHOD_MATCH = YES;
				COPY_PHASE_STRIP = NO;
				DEBUG_INFORMATION_FORMAT = "dwarf-with-dsym";
				ENABLE_NS_ASSERTIONS = NO;
				ENABLE_STRICT_OBJC_MSGSEND = YES;
				ENABLE_USER_SCRIPT_SANDBOXING = YES;
				GCC_C_LANGUAGE_STANDARD = gnu17;
				GCC_NO_COMMON_BLOCKS = YES;
				GCC_WARN_64_TO_32_BIT_CONVERSION = YES;
				GCC_WARN_ABOUT_RETURN_TYPE = YES_ERROR;
				GCC_WARN_UNDECLARED_SELECTOR = YES;
				GCC_WARN_UNINITIALIZED_AUTOS = YES_AGGRESSIVE;
				GCC_WARN_UNUSED_FUNCTION = YES;
				GCC_WARN_UNUSED_VARIABLE = YES;
				LOCALIZATION_PREFERS_STRING_CATALOGS = YES;
				MACOSX_DEPLOYMENT_TARGET = 14.0;
				MTL_ENABLE_DEBUG_INFO = NO;
				MTL_FAST_MATH = YES;
				SDKROOT = macosx;
			};
			name = Release;
		};
		CCF5DCDA2B9CEA26004F0A4A /* Debug */ = {
			isa = XCBuildConfiguration;
			buildSettings = {
				CODE_SIGN_STYLE = Automatic;
				PRODUCT_NAME = "$(TARGET_NAME)";
			};
			name = Debug;
		};
		CCF5DCDB2B9CEA26004F0A4A /* Release */ = {
			isa = XCBuildConfiguration;
			buildSettings = {
				CODE_SIGN_STYLE = Automatic;
				PRODUCT_NAME = "$(TARGET_NAME)";
			};
			name = Release;
		};
/* End XCBuildConfiguration section */

/* Begin XCConfigurationList section */
		CCF5DCCD2B9CEA26004F0A4A /* Build configuration list for PBXProject "proj4" */ = {
			isa = XCConfigurationList;
			buildConfigurations = (
				CCF5DCD72B9CEA26004F0A4A /* Debug */,
				CCF5DCD82B9CEA26004F0A4A /* Release */,
			);
			defaultConfigurationIsVisible = 0;
			defaultConfigurationName = Release;
		};
		CCF5DCD92B9CEA26004F0A4A /* Build configuration list for PBXNativeTarget "proj4" */ = {
			isa = XCConfigurationList;
			buildConfigurations = (
				CCF5DCDA2B9CEA26004F0A4A /* Debug */,
				CCF5DCDB2B9CEA26004F0A4A /* Release */,
			);
			defaultConfigurationIsVisible = 0;
			defaultConfigurationName = Release;
		};
/* End XCConfigurationList section */
	};
	rootObject = CCF5DCCA2B9CEA26004F0A4A /* Project object */;
}
