// !$*UTF8*$!
{
	archiveVersion = 1;
	classes = {
	};
	objectVersion = 56;
	objects = {

/* Begin PBXBuildFile section */
		CC817EA72B96F30A0064413A /* MapTest.cpp in Sources */ = {isa = PBXBuildFile; fileRef = CC817EA62B96F30A0064413A /* MapTest.cpp */; };
		CC817EA92B96FF100064413A /* list.cpp in Sources */ = {isa = PBXBuildFile; fileRef = CC817EA82B96FF100064413A /* list.cpp */; };
		CC817EAB2B97F2010064413A /* sorts.cpp in Sources */ = {isa = PBXBuildFile; fileRef = CC817EAA2B97F2010064413A /* sorts.cpp */; };
		CCA0A3552B80184400FE81B3 /* oddvector.cpp in Sources */ = {isa = PBXBuildFile; fileRef = CCA0A3542B80184400FE81B3 /* oddvector.cpp */; };
		CCA0A3572B801D5600FE81B3 /* badlist.cpp in Sources */ = {isa = PBXBuildFile; fileRef = CCA0A3562B801D5600FE81B3 /* badlist.cpp */; };
		CCA0A3592B8022D800FE81B3 /* badvector.cpp in Sources */ = {isa = PBXBuildFile; fileRef = CCA0A3582B8022D800FE81B3 /* badvector.cpp */; };
		CCA0A35B2B8023E500FE81B3 /* casefail.cpp in Sources */ = {isa = PBXBuildFile; fileRef = CCA0A35A2B8023E500FE81B3 /* casefail.cpp */; };
/* End PBXBuildFile section */

/* Begin PBXCopyFilesBuildPhase section */
		CCA0A3482B80112C00FE81B3 /* CopyFiles */ = {
			isa = PBXCopyFilesBuildPhase;
			buildActionMask = 2147483647;
			dstPath = /usr/share/man/man1/;
			dstSubfolderSpec = 0;
			files = (
			);
			runOnlyForDeploymentPostprocessing = 1;
		};
/* End PBXCopyFilesBuildPhase section */

/* Begin PBXFileReference section */
		CC817EA42B96DF230064413A /* Map.h */ = {isa = PBXFileReference; lastKnownFileType = sourcecode.c.h; path = Map.h; sourceTree = "<group>"; };
		CC817EA62B96F30A0064413A /* MapTest.cpp */ = {isa = PBXFileReference; lastKnownFileType = sourcecode.cpp.cpp; path = MapTest.cpp; sourceTree = "<group>"; };
		CC817EA82B96FF100064413A /* list.cpp */ = {isa = PBXFileReference; lastKnownFileType = sourcecode.cpp.cpp; path = list.cpp; sourceTree = "<group>"; };
		CC817EAA2B97F2010064413A /* sorts.cpp */ = {isa = PBXFileReference; lastKnownFileType = sourcecode.cpp.cpp; path = sorts.cpp; sourceTree = "<group>"; };
		CCA0A34A2B80112D00FE81B3 /* hw4 */ = {isa = PBXFileReference; explicitFileType = "compiled.mach-o.executable"; includeInIndex = 0; path = hw4; sourceTree = BUILT_PRODUCTS_DIR; };
		CCA0A3542B80184400FE81B3 /* oddvector.cpp */ = {isa = PBXFileReference; lastKnownFileType = sourcecode.cpp.cpp; path = oddvector.cpp; sourceTree = "<group>"; };
		CCA0A3562B801D5600FE81B3 /* badlist.cpp */ = {isa = PBXFileReference; lastKnownFileType = sourcecode.cpp.cpp; path = badlist.cpp; sourceTree = "<group>"; };
		CCA0A3582B8022D800FE81B3 /* badvector.cpp */ = {isa = PBXFileReference; lastKnownFileType = sourcecode.cpp.cpp; path = badvector.cpp; sourceTree = "<group>"; };
		CCA0A35A2B8023E500FE81B3 /* casefail.cpp */ = {isa = PBXFileReference; lastKnownFileType = sourcecode.cpp.cpp; path = casefail.cpp; sourceTree = "<group>"; };
/* End PBXFileReference section */

/* Begin PBXFrameworksBuildPhase section */
		CCA0A3472B80112C00FE81B3 /* Frameworks */ = {
			isa = PBXFrameworksBuildPhase;
			buildActionMask = 2147483647;
			files = (
			);
			runOnlyForDeploymentPostprocessing = 0;
		};
/* End PBXFrameworksBuildPhase section */

/* Begin PBXGroup section */
		CCA0A3412B80112C00FE81B3 = {
			isa = PBXGroup;
			children = (
				CCA0A34C2B80112D00FE81B3 /* hw4 */,
				CCA0A34B2B80112D00FE81B3 /* Products */,
			);
			sourceTree = "<group>";
		};
		CCA0A34B2B80112D00FE81B3 /* Products */ = {
			isa = PBXGroup;
			children = (
				CCA0A34A2B80112D00FE81B3 /* hw4 */,
			);
			name = Products;
			sourceTree = "<group>";
		};
		CCA0A34C2B80112D00FE81B3 /* hw4 */ = {
			isa = PBXGroup;
			children = (
				CCA0A3542B80184400FE81B3 /* oddvector.cpp */,
				CCA0A3562B801D5600FE81B3 /* badlist.cpp */,
				CCA0A3582B8022D800FE81B3 /* badvector.cpp */,
				CCA0A35A2B8023E500FE81B3 /* casefail.cpp */,
				CC817EA42B96DF230064413A /* Map.h */,
				CC817EAA2B97F2010064413A /* sorts.cpp */,
				CC817EA62B96F30A0064413A /* MapTest.cpp */,
				CC817EA82B96FF100064413A /* list.cpp */,
			);
			path = hw4;
			sourceTree = "<group>";
		};
/* End PBXGroup section */

/* Begin PBXNativeTarget section */
		CCA0A3492B80112C00FE81B3 /* hw4 */ = {
			isa = PBXNativeTarget;
			buildConfigurationList = CCA0A3512B80112D00FE81B3 /* Build configuration list for PBXNativeTarget "hw4" */;
			buildPhases = (
				CCA0A3462B80112C00FE81B3 /* Sources */,
				CCA0A3472B80112C00FE81B3 /* Frameworks */,
				CCA0A3482B80112C00FE81B3 /* CopyFiles */,
			);
			buildRules = (
			);
			dependencies = (
			);
			name = hw4;
			productName = hw4;
			productReference = CCA0A34A2B80112D00FE81B3 /* hw4 */;
			productType = "com.apple.product-type.tool";
		};
/* End PBXNativeTarget section */

/* Begin PBXProject section */
		CCA0A3422B80112C00FE81B3 /* Project object */ = {
			isa = PBXProject;
			attributes = {
				BuildIndependentTargetsInParallel = 1;
				LastUpgradeCheck = 1520;
				TargetAttributes = {
					CCA0A3492B80112C00FE81B3 = {
						CreatedOnToolsVersion = 15.2;
					};
				};
			};
			buildConfigurationList = CCA0A3452B80112C00FE81B3 /* Build configuration list for PBXProject "hw4" */;
			compatibilityVersion = "Xcode 14.0";
			developmentRegion = en;
			hasScannedForEncodings = 0;
			knownRegions = (
				en,
				Base,
			);
			mainGroup = CCA0A3412B80112C00FE81B3;
			productRefGroup = CCA0A34B2B80112D00FE81B3 /* Products */;
			projectDirPath = "";
			projectRoot = "";
			targets = (
				CCA0A3492B80112C00FE81B3 /* hw4 */,
			);
		};
/* End PBXProject section */

/* Begin PBXSourcesBuildPhase section */
		CCA0A3462B80112C00FE81B3 /* Sources */ = {
			isa = PBXSourcesBuildPhase;
			buildActionMask = 2147483647;
			files = (
				CC817EA72B96F30A0064413A /* MapTest.cpp in Sources */,
				CCA0A3592B8022D800FE81B3 /* badvector.cpp in Sources */,
				CCA0A35B2B8023E500FE81B3 /* casefail.cpp in Sources */,
				CC817EAB2B97F2010064413A /* sorts.cpp in Sources */,
				CCA0A3552B80184400FE81B3 /* oddvector.cpp in Sources */,
				CCA0A3572B801D5600FE81B3 /* badlist.cpp in Sources */,
				CC817EA92B96FF100064413A /* list.cpp in Sources */,
			);
			runOnlyForDeploymentPostprocessing = 0;
		};
/* End PBXSourcesBuildPhase section */

/* Begin XCBuildConfiguration section */
		CCA0A34F2B80112D00FE81B3 /* Debug */ = {
			isa = XCBuildConfiguration;
			buildSettings = {
				ALWAYS_SEARCH_USER_PATHS = NO;
				ASSETCATALOG_COMPILER_GENERATE_SWIFT_ASSET_SYMBOL_EXTENSIONS = YES;
				CLANG_ANALYZER_NONNULL = YES;
				CLANG_ANALYZER_NUMBER_OBJECT_CONVERSION = YES_AGGRESSIVE;
				CLANG_CXX_LANGUAGE_STANDARD = "gnu++20";
				CLANG_ENABLE_MODULES = YES;
				CLANG_ENABLE_OBJC_ARC = YES;
				CLANG_ENABLE_OBJC_WEAK = YES;
				CLANG_WARN_BLOCK_CAPTURE_AUTORELEASING = YES;
				CLANG_WARN_BOOL_CONVERSION = YES;
				CLANG_WARN_COMMA = YES;
				CLANG_WARN_CONSTANT_CONVERSION = YES;
				CLANG_WARN_DEPRECATED_OBJC_IMPLEMENTATIONS = YES;
				CLANG_WARN_DIRECT_OBJC_ISA_USAGE = YES_ERROR;
				CLANG_WARN_DOCUMENTATION_COMMENTS = YES;
				CLANG_WARN_EMPTY_BODY = YES;
				CLANG_WARN_ENUM_CONVERSION = YES;
				CLANG_WARN_INFINITE_RECURSION = YES;
				CLANG_WARN_INT_CONVERSION = YES;
				CLANG_WARN_NON_LITERAL_NULL_CONVERSION = YES;
				CLANG_WARN_OBJC_IMPLICIT_RETAIN_SELF = YES;
				CLANG_WARN_OBJC_LITERAL_CONVERSION = YES;
				CLANG_WARN_OBJC_ROOT_CLASS = YES_ERROR;
				CLANG_WARN_QUOTED_INCLUDE_IN_FRAMEWORK_HEADER = YES;
				CLANG_WARN_RANGE_LOOP_ANALYSIS = YES;
				CLANG_WARN_STRICT_PROTOTYPES = YES;
				CLANG_WARN_SUSPICIOUS_MOVE = YES;
				CLANG_WARN_UNGUARDED_AVAILABILITY = YES_AGGRESSIVE;
				CLANG_WARN_UNREACHABLE_CODE = YES;
				CLANG_WARN__DUPLICATE_METHOD_MATCH = YES;
				COPY_PHASE_STRIP = NO;
				DEBUG_INFORMATION_FORMAT = dwarf;
				ENABLE_STRICT_OBJC_MSGSEND = YES;
				ENABLE_TESTABILITY = YES;
				ENABLE_USER_SCRIPT_SANDBOXING = YES;
				GCC_C_LANGUAGE_STANDARD = gnu17;
				GCC_DYNAMIC_NO_PIC = NO;
				GCC_NO_COMMON_BLOCKS = YES;
				GCC_OPTIMIZATION_LEVEL = 0;
				GCC_PREPROCESSOR_DEFINITIONS = (
					"DEBUG=1",
					"$(inherited)",
				);
				GCC_WARN_64_TO_32_BIT_CONVERSION = YES;
				GCC_WARN_ABOUT_RETURN_TYPE = YES_ERROR;
				GCC_WARN_UNDECLARED_SELECTOR = YES;
				GCC_WARN_UNINITIALIZED_AUTOS = YES_AGGRESSIVE;
				GCC_WARN_UNUSED_FUNCTION = YES;
				GCC_WARN_UNUSED_VARIABLE = YES;
				LOCALIZATION_PREFERS_STRING_CATALOGS = YES;
				MACOSX_DEPLOYMENT_TARGET = 14.0;
				MTL_ENABLE_DEBUG_INFO = INCLUDE_SOURCE;
				MTL_FAST_MATH = YES;
				ONLY_ACTIVE_ARCH = YES;
				SDKROOT = macosx;
			};
			name = Debug;
		};
		CCA0A3502B80112D00FE81B3 /* Release */ = {
			isa = XCBuildConfiguration;
			buildSettings = {
				ALWAYS_SEARCH_USER_PATHS = NO;
				ASSETCATALOG_COMPILER_GENERATE_SWIFT_ASSET_SYMBOL_EXTENSIONS = YES;
				CLANG_ANALYZER_NONNULL = YES;
				CLANG_ANALYZER_NUMBER_OBJECT_CONVERSION = YES_AGGRESSIVE;
				CLANG_CXX_LANGUAGE_STANDARD = "gnu++20";
				CLANG_ENABLE_MODULES = YES;
				CLANG_ENABLE_OBJC_ARC = YES;
				CLANG_ENABLE_OBJC_WEAK = YES;
				CLANG_WARN_BLOCK_CAPTURE_AUTORELEASING = YES;
				CLANG_WARN_BOOL_CONVERSION = YES;
				CLANG_WARN_COMMA = YES;
				CLANG_WARN_CONSTANT_CONVERSION = YES;
				CLANG_WARN_DEPRECATED_OBJC_IMPLEMENTATIONS = YES;
				CLANG_WARN_DIRECT_OBJC_ISA_USAGE = YES_ERROR;
				CLANG_WARN_DOCUMENTATION_COMMENTS = YES;
				CLANG_WARN_EMPTY_BODY = YES;
				CLANG_WARN_ENUM_CONVERSION = YES;
				CLANG_WARN_INFINITE_RECURSION = YES;
				CLANG_WARN_INT_CONVERSION = YES;
				CLANG_WARN_NON_LITERAL_NULL_CONVERSION = YES;
				CLANG_WARN_OBJC_IMPLICIT_RETAIN_SELF = YES;
				CLANG_WARN_OBJC_LITERAL_CONVERSION = YES;
				CLANG_WARN_OBJC_ROOT_CLASS = YES_ERROR;
				CLANG_WARN_QUOTED_INCLUDE_IN_FRAMEWORK_HEADER = YES;
				CLANG_WARN_RANGE_LOOP_ANALYSIS = YES;
				CLANG_WARN_STRICT_PROTOTYPES = YES;
				CLANG_WARN_SUSPICIOUS_MOVE = YES;
				CLANG_WARN_UNGUARDED_AVAILABILITY = YES_AGGRESSIVE;
				CLANG_WARN_UNREACHABLE_CODE = YES;
				CLANG_WARN__DUPLICATE_METHOD_MATCH = YES;
				COPY_PHASE_STRIP = NO;
				DEBUG_INFORMATION_FORMAT = "dwarf-with-dsym";
				ENABLE_NS_ASSERTIONS = NO;
				ENABLE_STRICT_OBJC_MSGSEND = YES;
				ENABLE_USER_SCRIPT_SANDBOXING = YES;
				GCC_C_LANGUAGE_STANDARD = gnu17;
				GCC_NO_COMMON_BLOCKS = YES;
				GCC_WARN_64_TO_32_BIT_CONVERSION = YES;
				GCC_WARN_ABOUT_RETURN_TYPE = YES_ERROR;
				GCC_WARN_UNDECLARED_SELECTOR = YES;
				GCC_WARN_UNINITIALIZED_AUTOS = YES_AGGRESSIVE;
				GCC_WARN_UNUSED_FUNCTION = YES;
				GCC_WARN_UNUSED_VARIABLE = YES;
				LOCALIZATION_PREFERS_STRING_CATALOGS = YES;
				MACOSX_DEPLOYMENT_TARGET = 14.0;
				MTL_ENABLE_DEBUG_INFO = NO;
				MTL_FAST_MATH = YES;
				SDKROOT = macosx;
			};
			name = Release;
		};
		CCA0A3522B80112D00FE81B3 /* Debug */ = {
			isa = XCBuildConfiguration;
			buildSettings = {
				CODE_SIGN_STYLE = Automatic;
				PRODUCT_NAME = "$(TARGET_NAME)";
			};
			name = Debug;
		};
		CCA0A3532B80112D00FE81B3 /* Release */ = {
			isa = XCBuildConfiguration;
			buildSettings = {
				CODE_SIGN_STYLE = Automatic;
				PRODUCT_NAME = "$(TARGET_NAME)";
			};
			name = Release;
		};
/* End XCBuildConfiguration section */

/* Begin XCConfigurationList section */
		CCA0A3452B80112C00FE81B3 /* Build configuration list for PBXProject "hw4" */ = {
			isa = XCConfigurationList;
			buildConfigurations = (
				CCA0A34F2B80112D00FE81B3 /* Debug */,
				CCA0A3502B80112D00FE81B3 /* Release */,
			);
			defaultConfigurationIsVisible = 0;
			defaultConfigurationName = Release;
		};
		CCA0A3512B80112D00FE81B3 /* Build configuration list for PBXNativeTarget "hw4" */ = {
			isa = XCConfigurationList;
			buildConfigurations = (
				CCA0A3522B80112D00FE81B3 /* Debug */,
				CCA0A3532B80112D00FE81B3 /* Release */,
			);
			defaultConfigurationIsVisible = 0;
			defaultConfigurationName = Release;
		};
/* End XCConfigurationList section */
	};
	rootObject = CCA0A3422B80112C00FE81B3 /* Project object */;
}
